
Microsoft Visual Studio Solution File, Format Version 12.00
# Visual Studio Version 16
VisualStudioVersion = 16.0.29728.190
MinimumVisualStudioVersion = 10.0.40219.1
Project("{D954291E-2A0B-460D-934E-DC6B0785DB48}") = "SharedWeb", "SharedWeb.shproj", "{080852F5-8880-42CD-8A4C-03C8F0B69E2B}"
EndProject
Global
	GlobalSection(SharedMSBuildProjectFiles) = preSolution
		SharedWeb.projitems*{080852f5-8880-42cd-8a4c-03c8f0b69e2b}*SharedItemsImports = 13
	EndGlobalSection
	GlobalSection(SolutionProperties) = preSolution
		HideSolutionNode = FALSE
	EndGlobalSection
	GlobalSection(ExtensibilityGlobals) = postSolution
		SolutionGuid = {6DBC29CA-42B3-440C-A08E-6290D05C5F6B}
	EndGlobalSection
EndGlobal
